<?xml version="1.0" encoding="utf-8"?>
<Project ToolsVersion="4.0" xmlns="http://schemas.microsoft.com/developer/msbuild/2003">
  <ItemGroup>
    <Filter Include="소스 파일">
      <UniqueIdentifier>{4FC737F1-C7A5-4376-A066-2A32D752A2FF}</UniqueIdentifier>
      <Extensions>cpp;c;cc;cxx;def;odl;idl;hpj;bat;asm;asmx</Extensions>
    </Filter>
    <Filter Include="헤더 파일">
      <UniqueIdentifier>{93995380-89BD-4b04-88EB-625FBE52EBFB}</UniqueIdentifier>
      <Extensions>h;hh;hpp;hxx;hm;inl;inc;ipp;xsd</Extensions>
    </Filter>
    <Filter Include="리소스 파일">
      <UniqueIdentifier>{67DA6AB6-F800-4c08-8B7A-83BB121AAD01}</UniqueIdentifier>
      <Extensions>rc;ico;cur;bmp;dlg;rc2;rct;bin;rgs;gif;jpg;jpeg;jpe;resx;tiff;tif;png;wav;mfcribbon-ms</Extensions>
    </Filter>
    <Filter Include="헤더 파일\DQS">
      <UniqueIdentifier>{d0c11aae-02a5-4ad1-a434-c1e0f7219891}</UniqueIdentifier>
    </Filter>
    <Filter Include="헤더 파일\BaekJoon">
      <UniqueIdentifier>{a27d4311-4bfa-4f2a-ac29-4787fd04819f}</UniqueIdentifier>
    </Filter>
    <Filter Include="헤더 파일\GRAPH">
      <UniqueIdentifier>{1f4c982e-2a49-49c4-9ab7-cd1bf8ef9ec3}</UniqueIdentifier>
    </Filter>
    <Filter Include="헤더 파일\SORT">
      <UniqueIdentifier>{212dfa68-b075-4a78-84f9-8de1db04cd30}</UniqueIdentifier>
    </Filter>
    <Filter Include="헤더 파일\STACK">
      <UniqueIdentifier>{195b4fe8-e1b1-4535-be2d-b5dc8f47bff2}</UniqueIdentifier>
    </Filter>
    <Filter Include="헤더 파일\QUEUE">
      <UniqueIdentifier>{eb2778bf-4b3c-4194-bd35-9de51e173c07}</UniqueIdentifier>
    </Filter>
  </ItemGroup>
  <ItemGroup>
    <ClInclude Include="include\BaekJoon\BaekJoon.hpp">
      <Filter>헤더 파일\BaekJoon</Filter>
    </ClInclude>
    <ClInclude Include="include\SORT\sort.hpp">
      <Filter>헤더 파일\SORT</Filter>
    </ClInclude>
    <ClInclude Include="include\STACK\Stack.hpp">
      <Filter>헤더 파일\STACK</Filter>
    </ClInclude>
    <ClInclude Include="include\QUEUE\Queue.hpp">
      <Filter>헤더 파일\QUEUE</Filter>
    </ClInclude>
    <ClInclude Include="include\GRAPH\graph.hpp">
      <Filter>헤더 파일\GRAPH</Filter>
    </ClInclude>
    <ClInclude Include="include\DQS\DoubleQueueStack.hpp">
      <Filter>헤더 파일\DQS</Filter>
    </ClInclude>
    <ClInclude Include="include\GRAPH\wGraph.hpp">
      <Filter>헤더 파일\GRAPH</Filter>
    </ClInclude>
  </ItemGroup>
  <ItemGroup>
    <ClCompile Include="include\BaekJoon\BaekJoon.cpp">
      <Filter>헤더 파일\BaekJoon</Filter>
    </ClCompile>
    <ClCompile Include="include\SORT\sort.cpp">
      <Filter>헤더 파일\SORT</Filter>
    </ClCompile>
    <ClCompile Include="include\STACK\Stack.cpp">
      <Filter>헤더 파일\STACK</Filter>
    </ClCompile>
    <ClCompile Include="include\QUEUE\Queue.cpp">
      <Filter>헤더 파일\QUEUE</Filter>
    </ClCompile>
    <ClCompile Include="include\GRAPH\graph.cpp">
      <Filter>헤더 파일\GRAPH</Filter>
    </ClCompile>
    <ClCompile Include="source\Main_graph.cpp">
      <Filter>소스 파일</Filter>
    </ClCompile>
    <ClCompile Include="include\DQS\DoubleQueueStack.cpp">
      <Filter>헤더 파일\DQS</Filter>
    </ClCompile>
    <ClCompile Include="source\Main.cpp">
      <Filter>소스 파일</Filter>
    </ClCompile>
    <ClCompile Include="include\GRAPH\wGraph.cpp">
      <Filter>헤더 파일\GRAPH</Filter>
    </ClCompile>
    <ClCompile Include="source\Main_wGraph.cpp">
      <Filter>소스 파일</Filter>
    </ClCompile>
  </ItemGroup>
</Project>